<Solution>
    <Folder Name="/src/">
        <Project Path="src/ErrorOrX/ErrorOrX.csproj" />
        <Project Path="src/ErrorOrX.Generators/ErrorOrX.Generators.csproj" />
    </Folder>
    <Folder Name="/samples/">
        <File Path="samples\Archive\IncrementalValuesProviderExtensions copy.cs" />
        <File Path="samples\Archive\ISymbolExtensions copy.cs" />
        <File Path="samples\Archive\ITypeSymbolExtensions copy.cs" />
        <File Path="samples\Archive\RequiredSymbols copy.cs" />
        <File Path="samples\Archive\RequiredSymbols.cs" />
        <File Path="samples\Archive\ValidatableProperty copy.cs" />
        <File Path="samples\Archive\ValidatableProperty.cs" />
        <File Path="samples\Archive\ValidatableType copy.cs" />
        <File Path="samples\Archive\ValidatableType.cs" />
        <File Path="samples\Archive\ValidatableTypeComparer copy.cs" />
        <File Path="samples\Archive\ValidatableTypeComparer.cs" />
        <File Path="samples\Archive\ValidationAttribute copy.cs" />
        <File Path="samples\Archive\ValidationAttribute.cs" />
        <File Path="samples\Archive\ValidationsGenerator.AddValidation.cs" />
        <File Path="samples\Archive\ValidationsGenerator.AttributeParser.cs" />
        <File Path="samples\Archive\ValidationsGenerator.cs" />
        <File Path="samples\Archive\ValidationsGenerator.EndpointsParser.cs" />
        <File Path="samples\Archive\ValidationsGenerator.TypesParser.cs" />
        <Project Path="samples/ErrorOrX.Sample/ErrorOrX.Sample.csproj" />
    </Folder>
    <Folder Name="/tests/">
        <Project Path="tests/ErrorOrX.Mutation.Tests/ErrorOrX.Mutation.Tests.csproj" />
        <Project Path="tests/ErrorOrX.Tests/ErrorOrX.Tests.csproj" />
        <File Path="tests\ErrorOrX.Integration.Tests\bin\Debug\net10.0\xunit.abstractions.dll" />
        <File Path="tests\ErrorOrX.Integration.Tests\bin\Debug\net10.0\xunit.v3.runner.utility.netcore.dll" />
        <File Path="tests\ErrorOrX.Integration.Tests\CLAUDE.md" />
        <File Path="tests\ErrorOrX.Integration.Tests\ErrorOrX.Integration.Tests.csproj" />
        <File Path="tests\ErrorOrX.Integration.Tests\IntegrationTestApp.cs" />
        <File Path="tests\ErrorOrX.Integration.Tests\MinimalApiParityTests.cs" />
        <File Path="tests\ErrorOrX.Integration.Tests\obj\Debug\net10.0\.NETCoreApp,Version=v10.0.AssemblyAttributes.cs" />
        <File Path="tests\ErrorOrX.Integration.Tests\obj\Debug\net10.0\apphost" />
        <File Path="tests\ErrorOrX.Integration.Tests\obj\Debug\net10.0\ErrorOrX.Integration.Tests.AssemblyInfo.cs" />
        <File Path="tests\ErrorOrX.Integration.Tests\obj\Debug\net10.0\ErrorOrX.Integration.Tests.AssemblyInfoInputs.cache" />
        <File Path="tests\ErrorOrX.Integration.Tests\obj\Debug\net10.0\ErrorOrX.Integration.Tests.assets.cache" />
        <File Path="tests\ErrorOrX.Integration.Tests\obj\Debug\net10.0\ErrorOrX.Integration.Tests.csproj.AssemblyReference.cache" />
        <File Path="tests\ErrorOrX.Integration.Tests\obj\Debug\net10.0\ErrorOrX.Integration.Tests.csproj.CoreCompileInputs.cache" />
        <File Path="tests\ErrorOrX.Integration.Tests\obj\Debug\net10.0\ErrorOrX.Integration.Tests.csproj.FileListAbsolute.txt" />
        <File Path="tests\ErrorOrX.Integration.Tests\obj\Debug\net10.0\ErrorOrX.Integration.Tests.genautoregisteredextensionsinputcache.cache" />
        <File Path="tests\ErrorOrX.Integration.Tests\obj\Debug\net10.0\ErrorOrX.Integration.Tests.GeneratedMSBuildEditorConfig.editorconfig" />
        <File Path="tests\ErrorOrX.Integration.Tests\obj\Debug\net10.0\ErrorOrX.Integration.Tests.gentestingplatformentrypointinputcache.cache" />
        <File Path="tests\ErrorOrX.Integration.Tests\obj\Debug\net10.0\ErrorOrX.Integration.Tests.GlobalUsings.g.cs" />
        <File Path="tests\ErrorOrX.Integration.Tests\obj\Debug\net10.0\ErrorOrX.Integration.Tests.MvcApplicationPartsAssemblyInfo.cache" />
        <File Path="tests\ErrorOrX.Integration.Tests\obj\Debug\net10.0\ErrorOrX.Integration.Tests.MvcApplicationPartsAssemblyInfo.cs" />
        <File Path="tests\ErrorOrX.Integration.Tests\obj\Debug\net10.0\ErrorOrX.Integration.Tests.xUnit.v3.EntryPoint.cache" />
        <File Path="tests\ErrorOrX.Integration.Tests\obj\Debug\net10.0\MvcTestingAppManifest.json" />
        <File Path="tests\ErrorOrX.Integration.Tests\obj\Debug\net10.0\SelfRegisteredExtensions.cs" />
        <File Path="tests\ErrorOrX.Integration.Tests\obj\Debug\net10.0\XunitAutoGeneratedEntryPoint.cs" />
        <File Path="tests\ErrorOrX.Integration.Tests\obj\ErrorOrX.Integration.Tests.csproj.nuget.dgspec.json" />
        <File Path="tests\ErrorOrX.Integration.Tests\obj\ErrorOrX.Integration.Tests.csproj.nuget.g.props" />
        <File Path="tests\ErrorOrX.Integration.Tests\obj\ErrorOrX.Integration.Tests.csproj.nuget.g.targets" />
        <File Path="tests\ErrorOrX.Integration.Tests\obj\GeneratedFiles\ANcpSdk.AspNetCore.ServiceDefaults.AutoRegister\ANcpSdk.AspNetCore.ServiceDefaults.AutoRegister.ServiceDefaultsSourceGenerator\Intercepts.g.cs" />
        <File Path="tests\ErrorOrX.Integration.Tests\obj\GeneratedFiles\ErrorOrX.Generators\ErrorOr.Generators.ErrorOrEndpointGenerator\ErrorOrEndpointAttributes.Mappings.g.cs" />
        <File Path="tests\ErrorOrX.Integration.Tests\obj\GeneratedFiles\ErrorOrX.Generators\ErrorOr.Generators.ErrorOrEndpointGenerator\ErrorOrEndpointMappings.cs" />
        <File Path="tests\ErrorOrX.Integration.Tests\obj\GeneratedFiles\ErrorOrX.Generators\ErrorOr.Generators.ErrorOrEndpointGenerator\ErrorOrEndpointOptions.g.cs" />
        <File Path="tests\ErrorOrX.Integration.Tests\obj\GeneratedFiles\ErrorOrX.Generators\ErrorOr.Generators.ErrorOrEndpointGenerator\ErrorOrEndpoints.GlobalUsings.g.cs" />
        <File Path="tests\ErrorOrX.Integration.Tests\obj\GeneratedFiles\ErrorOrX.Generators\ErrorOr.Generators.ErrorOrEndpointGenerator\ErrorOrJsonContext.g.cs" />
        <File Path="tests\ErrorOrX.Integration.Tests\obj\GeneratedFiles\ErrorOrX.Generators\ErrorOr.Generators.OpenApiTransformerGenerator\OpenApiTransformers.g.cs" />
        <File Path="tests\ErrorOrX.Integration.Tests\obj\GeneratedFiles\Microsoft.AspNetCore.OpenApi.SourceGenerators\Microsoft.AspNetCore.OpenApi.SourceGenerators.XmlCommentGenerator\OpenApiXmlCommentSupport.generated.cs" />
        <File Path="tests\ErrorOrX.Integration.Tests\obj\project.assets.json" />
        <File Path="tests\ErrorOrX.Integration.Tests\obj\project.nuget.cache" />
        <File Path="tests\ErrorOrX.Integration.Tests\UnitTest1.cs" />
        <Project Path="tests/ErrorOrX.Generators.Tests/ErrorOrX.Generators.Tests.csproj" />
    </Folder>
    <Folder Name="/tools/">
        <Project Path="tools/DiagnosticsAlignment.Analyzers/DiagnosticsAlignment.Analyzers.csproj" />
        <Project Path="tools/DiagnosticsAlignment.Host/DiagnosticsAlignment.Host.csproj" />
        <Project Path="tools/DiagnosticsAlignment.Tool/DiagnosticsAlignment.Tool.csproj" />
    </Folder>
</Solution>
